
Microsoft Visual Studio Solution File, Format Version 12.00
# Visual Studio Version 17
VisualStudioVersion = 17.3.32922.545
MinimumVisualStudioVersion = 10.0.40219.1
Project("{FAE04EC0-301F-11D3-BF4B-00C04F79EFBC}") = "LeagueSite", "LeagueSite\LeagueSite.csproj", "{AC37F8A9-FEC2-4724-A75B-DB9F93DAF784}"
EndProject
Global
	GlobalSection(SolutionConfigurationPlatforms) = preSolution
		Debug|Any CPU = Debug|Any CPU
		Release|Any CPU = Release|Any CPU
	EndGlobalSection
	GlobalSection(ProjectConfigurationPlatforms) = postSolution
		{AC37F8A9-FEC2-4724-A75B-DB9F93DAF784}.Debug|Any CPU.ActiveCfg = Debug|Any CPU
		{AC37F8A9-FEC2-4724-A75B-DB9F93DAF784}.Debug|Any CPU.Build.0 = Debug|Any CPU
		{AC37F8A9-FEC2-4724-A75B-DB9F93DAF784}.Release|Any CPU.ActiveCfg = Release|Any CPU
		{AC37F8A9-FEC2-4724-A75B-DB9F93DAF784}.Release|Any CPU.Build.0 = Release|Any CPU
	EndGlobalSection
	GlobalSection(SolutionProperties) = preSolution
		HideSolutionNode = FALSE
	EndGlobalSection
	GlobalSection(ExtensibilityGlobals) = postSolution
		SolutionGuid = {5A1482C0-6849-4B81-8DAF-9450643E2AA1}
	EndGlobalSection
EndGlobal
